
Microsoft Visual Studio Solution File, Format Version 12.00
# Visual Studio 15
VisualStudioVersion = 15.0.26228.9
MinimumVisualStudioVersion = 10.0.40219.1
Project("{8BC9CEB8-8B4A-11D0-8D11-00A0C91BC942}") = "二叉树(二叉链表存储)", "二叉树(二叉链表存储)\二叉树(二叉链表存储).vcxproj", "{A59D5C0C-AC31-4EDA-BFC3-8D257747700B}"
EndProject
Project("{8BC9CEB8-8B4A-11D0-8D11-00A0C91BC942}") = "二叉查找树(BST)", "二叉查找树(BST)\二叉查找树(BST).vcxproj", "{43775F6C-E8A4-4A71-A9E3-82A543D4C5E9}"
EndProject
Project("{8BC9CEB8-8B4A-11D0-8D11-00A0C91BC942}") = "平衡二叉树(AVL)", "平衡二叉树(AVL)\平衡二叉树(AVL).vcxproj", "{B53BE383-16BF-4A0B-8ADC-4E2D6D336A25}"
EndProject
Global
	GlobalSection(SolutionConfigurationPlatforms) = preSolution
		Debug|x64 = Debug|x64
		Debug|x86 = Debug|x86
		Release|x64 = Release|x64
		Release|x86 = Release|x86
	EndGlobalSection
	GlobalSection(ProjectConfigurationPlatforms) = postSolution
		{A59D5C0C-AC31-4EDA-BFC3-8D257747700B}.Debug|x64.ActiveCfg = Debug|x64
		{A59D5C0C-AC31-4EDA-BFC3-8D257747700B}.Debug|x64.Build.0 = Debug|x64
		{A59D5C0C-AC31-4EDA-BFC3-8D257747700B}.Debug|x86.ActiveCfg = Debug|Win32
		{A59D5C0C-AC31-4EDA-BFC3-8D257747700B}.Debug|x86.Build.0 = Debug|Win32
		{A59D5C0C-AC31-4EDA-BFC3-8D257747700B}.Release|x64.ActiveCfg = Release|x64
		{A59D5C0C-AC31-4EDA-BFC3-8D257747700B}.Release|x64.Build.0 = Release|x64
		{A59D5C0C-AC31-4EDA-BFC3-8D257747700B}.Release|x86.ActiveCfg = Release|Win32
		{A59D5C0C-AC31-4EDA-BFC3-8D257747700B}.Release|x86.Build.0 = Release|Win32
		{43775F6C-E8A4-4A71-A9E3-82A543D4C5E9}.Debug|x64.ActiveCfg = Debug|x64
		{43775F6C-E8A4-4A71-A9E3-82A543D4C5E9}.Debug|x64.Build.0 = Debug|x64
		{43775F6C-E8A4-4A71-A9E3-82A543D4C5E9}.Debug|x86.ActiveCfg = Debug|Win32
		{43775F6C-E8A4-4A71-A9E3-82A543D4C5E9}.Debug|x86.Build.0 = Debug|Win32
		{43775F6C-E8A4-4A71-A9E3-82A543D4C5E9}.Release|x64.ActiveCfg = Release|x64
		{43775F6C-E8A4-4A71-A9E3-82A543D4C5E9}.Release|x64.Build.0 = Release|x64
		{43775F6C-E8A4-4A71-A9E3-82A543D4C5E9}.Release|x86.ActiveCfg = Release|Win32
		{43775F6C-E8A4-4A71-A9E3-82A543D4C5E9}.Release|x86.Build.0 = Release|Win32
		{B53BE383-16BF-4A0B-8ADC-4E2D6D336A25}.Debug|x64.ActiveCfg = Debug|x64
		{B53BE383-16BF-4A0B-8ADC-4E2D6D336A25}.Debug|x64.Build.0 = Debug|x64
		{B53BE383-16BF-4A0B-8ADC-4E2D6D336A25}.Debug|x86.ActiveCfg = Debug|Win32
		{B53BE383-16BF-4A0B-8ADC-4E2D6D336A25}.Debug|x86.Build.0 = Debug|Win32
		{B53BE383-16BF-4A0B-8ADC-4E2D6D336A25}.Release|x64.ActiveCfg = Release|x64
		{B53BE383-16BF-4A0B-8ADC-4E2D6D336A25}.Release|x64.Build.0 = Release|x64
		{B53BE383-16BF-4A0B-8ADC-4E2D6D336A25}.Release|x86.ActiveCfg = Release|Win32
		{B53BE383-16BF-4A0B-8ADC-4E2D6D336A25}.Release|x86.Build.0 = Release|Win32
	EndGlobalSection
	GlobalSection(SolutionProperties) = preSolution
		HideSolutionNode = FALSE
	EndGlobalSection
EndGlobal
