
Microsoft Visual Studio Solution File, Format Version 12.00
# Visual Studio 15
VisualStudioVersion = 15.0.26228.9
MinimumVisualStudioVersion = 10.0.40219.1
Project("{8BC9CEB8-8B4A-11D0-8D11-00A0C91BC942}") = "Stack", "Stack\Stack.vcxproj", "{D3CC43A9-2649-4CCD-AA9E-E9DA00A86BA3}"
EndProject
Project("{8BC9CEB8-8B4A-11D0-8D11-00A0C91BC942}") = "括号匹配的检验", "括号匹配的检验\括号匹配的检验.vcxproj", "{F30F0C66-B492-4826-93E1-458304FA619E}"
EndProject
Project("{8BC9CEB8-8B4A-11D0-8D11-00A0C91BC942}") = "数制转换", "数制转换\数制转换.vcxproj", "{CF96B7A4-F285-42FC-B8C8-083B7CBD61A1}"
EndProject
Project("{8BC9CEB8-8B4A-11D0-8D11-00A0C91BC942}") = "行编辑程序", "行编辑程序\行编辑程序.vcxproj", "{6898163B-78FE-46F7-8360-4A0BE3477CBA}"
EndProject
Global
	GlobalSection(SolutionConfigurationPlatforms) = preSolution
		Debug|x64 = Debug|x64
		Debug|x86 = Debug|x86
		Release|x64 = Release|x64
		Release|x86 = Release|x86
	EndGlobalSection
	GlobalSection(ProjectConfigurationPlatforms) = postSolution
		{D3CC43A9-2649-4CCD-AA9E-E9DA00A86BA3}.Debug|x64.ActiveCfg = Debug|x64
		{D3CC43A9-2649-4CCD-AA9E-E9DA00A86BA3}.Debug|x64.Build.0 = Debug|x64
		{D3CC43A9-2649-4CCD-AA9E-E9DA00A86BA3}.Debug|x86.ActiveCfg = Debug|Win32
		{D3CC43A9-2649-4CCD-AA9E-E9DA00A86BA3}.Debug|x86.Build.0 = Debug|Win32
		{D3CC43A9-2649-4CCD-AA9E-E9DA00A86BA3}.Release|x64.ActiveCfg = Release|x64
		{D3CC43A9-2649-4CCD-AA9E-E9DA00A86BA3}.Release|x64.Build.0 = Release|x64
		{D3CC43A9-2649-4CCD-AA9E-E9DA00A86BA3}.Release|x86.ActiveCfg = Release|Win32
		{D3CC43A9-2649-4CCD-AA9E-E9DA00A86BA3}.Release|x86.Build.0 = Release|Win32
		{F30F0C66-B492-4826-93E1-458304FA619E}.Debug|x64.ActiveCfg = Debug|x64
		{F30F0C66-B492-4826-93E1-458304FA619E}.Debug|x64.Build.0 = Debug|x64
		{F30F0C66-B492-4826-93E1-458304FA619E}.Debug|x86.ActiveCfg = Debug|Win32
		{F30F0C66-B492-4826-93E1-458304FA619E}.Debug|x86.Build.0 = Debug|Win32
		{F30F0C66-B492-4826-93E1-458304FA619E}.Release|x64.ActiveCfg = Release|x64
		{F30F0C66-B492-4826-93E1-458304FA619E}.Release|x64.Build.0 = Release|x64
		{F30F0C66-B492-4826-93E1-458304FA619E}.Release|x86.ActiveCfg = Release|Win32
		{F30F0C66-B492-4826-93E1-458304FA619E}.Release|x86.Build.0 = Release|Win32
		{CF96B7A4-F285-42FC-B8C8-083B7CBD61A1}.Debug|x64.ActiveCfg = Debug|x64
		{CF96B7A4-F285-42FC-B8C8-083B7CBD61A1}.Debug|x64.Build.0 = Debug|x64
		{CF96B7A4-F285-42FC-B8C8-083B7CBD61A1}.Debug|x86.ActiveCfg = Debug|Win32
		{CF96B7A4-F285-42FC-B8C8-083B7CBD61A1}.Debug|x86.Build.0 = Debug|Win32
		{CF96B7A4-F285-42FC-B8C8-083B7CBD61A1}.Release|x64.ActiveCfg = Release|x64
		{CF96B7A4-F285-42FC-B8C8-083B7CBD61A1}.Release|x64.Build.0 = Release|x64
		{CF96B7A4-F285-42FC-B8C8-083B7CBD61A1}.Release|x86.ActiveCfg = Release|Win32
		{CF96B7A4-F285-42FC-B8C8-083B7CBD61A1}.Release|x86.Build.0 = Release|Win32
		{6898163B-78FE-46F7-8360-4A0BE3477CBA}.Debug|x64.ActiveCfg = Debug|x64
		{6898163B-78FE-46F7-8360-4A0BE3477CBA}.Debug|x64.Build.0 = Debug|x64
		{6898163B-78FE-46F7-8360-4A0BE3477CBA}.Debug|x86.ActiveCfg = Debug|Win32
		{6898163B-78FE-46F7-8360-4A0BE3477CBA}.Debug|x86.Build.0 = Debug|Win32
		{6898163B-78FE-46F7-8360-4A0BE3477CBA}.Release|x64.ActiveCfg = Release|x64
		{6898163B-78FE-46F7-8360-4A0BE3477CBA}.Release|x64.Build.0 = Release|x64
		{6898163B-78FE-46F7-8360-4A0BE3477CBA}.Release|x86.ActiveCfg = Release|Win32
		{6898163B-78FE-46F7-8360-4A0BE3477CBA}.Release|x86.Build.0 = Release|Win32
	EndGlobalSection
	GlobalSection(SolutionProperties) = preSolution
		HideSolutionNode = FALSE
	EndGlobalSection
EndGlobal
